%{
  "benchee": {:hex, :benchee, "1.0.0", "2524b6c0e541309d969accf75f77e1d1653e46142afc68e9ea4ff35559a794bc", [:mix], [{:deep_merge, "~> 1.0", [hex: :deep_merge, repo: "hexpm", optional: false]}], "hexpm"},
  "deep_merge": {:hex, :deep_merge, "1.0.0", "b4aa1a0d1acac393bdf38b2291af38cb1d4a52806cf7a4906f718e1feb5ee961", [:mix], [], "hexpm"},
}
